# This file is autogenerated, do not edit; changes may be undone by the next 'dep ensure'.


[[projects]]
  name = "github.com/fhs/gompd"
  packages = ["mpd"]
  revision = "06c7f6b1621a342c8cfe482b03f96c6623204bf4"
  version = "v1"

[[projects]]
  name = "github.com/gorilla/context"
  packages = ["."]
  revision = "1ea25387ff6f684839d82767c1733ff4d4d15d0a"
  version = "v1.1"

[[projects]]
  name = "github.com/gorilla/mux"
  packages = ["."]
  revision = "24fca303ac6da784b9e8269f724ddeb0b2eea5e7"
  version = "v1.5.0"

[[projects]]
  branch = "master"
  name = "github.com/rendom/ircFormat"
  packages = ["."]
  revision = "bc04ed6ad950f99d4d426794c946fd1394018f72"

[[projects]]
  name = "github.com/renstrom/fuzzysearch"
  packages = ["fuzzy"]
  revision = "d4ca9dfccd55dc6b076f9880d49c35315922c1f4"
  version = "v1.0.0"

[[projects]]
  name = "github.com/thoj/go-ircevent"
  packages = ["."]
  revision = "a6b1561a016c2a4aae183c3ef152c25d134c095d"
  version = "0.1"

[solve-meta]
  analyzer-name = "dep"
  analyzer-version = 1
  inputs-digest = "b1f9a4ee161d67c43f1c7ae235f445d81c2b5257b3164db7c3c0d5a0c3324451"
  solver-name = "gps-cdcl"
  solver-version = 1
